
Microsoft Visual Studio Solution File, Format Version 12.00
# Visual Studio Version 17
VisualStudioVersion = 17.9.34728.123
MinimumVisualStudioVersion = 10.0.40219.1
Project("{FAE04EC0-301F-11D3-BF4B-00C04F79EFBC}") = "DynamicNavigationMVC", "DynamicNavigationMVC\DynamicNavigationMVC.csproj", "{BED6DA6E-9971-46D6-8B14-5F8D7D5785C0}"
EndProject
Global
	GlobalSection(SolutionConfigurationPlatforms) = preSolution
		Debug|Any CPU = Debug|Any CPU
		Release|Any CPU = Release|Any CPU
	EndGlobalSection
	GlobalSection(ProjectConfigurationPlatforms) = postSolution
		{BED6DA6E-9971-46D6-8B14-5F8D7D5785C0}.Debug|Any CPU.ActiveCfg = Debug|Any CPU
		{BED6DA6E-9971-46D6-8B14-5F8D7D5785C0}.Debug|Any CPU.Build.0 = Debug|Any CPU
		{BED6DA6E-9971-46D6-8B14-5F8D7D5785C0}.Release|Any CPU.ActiveCfg = Release|Any CPU
		{BED6DA6E-9971-46D6-8B14-5F8D7D5785C0}.Release|Any CPU.Build.0 = Release|Any CPU
	EndGlobalSection
	GlobalSection(SolutionProperties) = preSolution
		HideSolutionNode = FALSE
	EndGlobalSection
	GlobalSection(ExtensibilityGlobals) = postSolution
		SolutionGuid = {944BDE8C-3CE1-41A9-A42E-3CFF78427D4E}
	EndGlobalSection
EndGlobal
